// !$*UTF8*$!
{
	archiveVersion = 1;
	classes = {
	};
	objectVersion = 46;
	objects = {

/* Begin PBXBuildFile section */
		489B14C11A1F7C9A00562C33 /* main.m in Sources */ = {isa = PBXBuildFile; fileRef = 489B14C01A1F7C9A00562C33 /* main.m */; };
		489B14C41A1F7C9A00562C33 /* AppDelegate.m in Sources */ = {isa = PBXBuildFile; fileRef = 489B14C31A1F7C9A00562C33 /* AppDelegate.m */; };
		489B14C71A1F7C9A00562C33 /* ViewController.m in Sources */ = {isa = PBXBuildFile; fileRef = 489B14C61A1F7C9A00562C33 /* ViewController.m */; };
		489B14CA1A1F7C9A00562C33 /* Main.storyboard in Resources */ = {isa = PBXBuildFile; fileRef = 489B14C81A1F7C9A00562C33 /* Main.storyboard */; };
		489B14CC1A1F7C9A00562C33 /* Images.xcassets in Resources */ = {isa = PBXBuildFile; fileRef = 489B14CB1A1F7C9A00562C33 /* Images.xcassets */; };
		489B14CF1A1F7C9A00562C33 /* LaunchScreen.xib in Resources */ = {isa = PBXBuildFile; fileRef = 489B14CD1A1F7C9A00562C33 /* LaunchScreen.xib */; };
		489B14DB1A1F7C9A00562C33 /* FrecklesTests.m in Sources */ = {isa = PBXBuildFile; fileRef = 489B14DA1A1F7C9A00562C33 /* FrecklesTests.m */; };
		489B14EC1A20B37300562C33 /* 1.png in Resources */ = {isa = PBXBuildFile; fileRef = 489B14E61A20B37300562C33 /* 1.png */; };
		489B14ED1A20B37300562C33 /* 2.png in Resources */ = {isa = PBXBuildFile; fileRef = 489B14E71A20B37300562C33 /* 2.png */; };
		489B14EE1A20B37300562C33 /* 3.png in Resources */ = {isa = PBXBuildFile; fileRef = 489B14E81A20B37300562C33 /* 3.png */; };
		489B14EF1A20B37300562C33 /* 4.png in Resources */ = {isa = PBXBuildFile; fileRef = 489B14E91A20B37300562C33 /* 4.png */; };
		489B14F01A20B37300562C33 /* 5.png in Resources */ = {isa = PBXBuildFile; fileRef = 489B14EA1A20B37300562C33 /* 5.png */; };
		489B14F11A20B37300562C33 /* 6.png in Resources */ = {isa = PBXBuildFile; fileRef = 489B14EB1A20B37300562C33 /* 6.png */; };
		48D7B2321A23716200E02A70 /* AboutViewController.m in Sources */ = {isa = PBXBuildFile; fileRef = 48D7B2301A23716200E02A70 /* AboutViewController.m */; };
		48D7B2331A23716300E02A70 /* AboutViewController.xib in Resources */ = {isa = PBXBuildFile; fileRef = 48D7B2311A23716200E02A70 /* AboutViewController.xib */; };
		48D7B2371A2371F900E02A70 /* DrugListViewController.m in Sources */ = {isa = PBXBuildFile; fileRef = 48D7B2351A2371F900E02A70 /* DrugListViewController.m */; };
		48D7B2381A2371F900E02A70 /* DrugListViewController.xib in Resources */ = {isa = PBXBuildFile; fileRef = 48D7B2361A2371F900E02A70 /* DrugListViewController.xib */; };
/* End PBXBuildFile section */

/* Begin PBXContainerItemProxy section */
		489B14D51A1F7C9A00562C33 /* PBXContainerItemProxy */ = {
			isa = PBXContainerItemProxy;
			containerPortal = 489B14B31A1F7C9A00562C33 /* Project object */;
			proxyType = 1;
			remoteGlobalIDString = 489B14BA1A1F7C9A00562C33;
			remoteInfo = Freckles;
		};
/* End PBXContainerItemProxy section */

/* Begin PBXFileReference section */
		489B14BB1A1F7C9A00562C33 /* Freckles.app */ = {isa = PBXFileReference; explicitFileType = wrapper.application; includeInIndex = 0; path = Freckles.app; sourceTree = BUILT_PRODUCTS_DIR; };
		489B14BF1A1F7C9A00562C33 /* Info.plist */ = {isa = PBXFileReference; lastKnownFileType = text.plist.xml; path = Info.plist; sourceTree = "<group>"; };
		489B14C01A1F7C9A00562C33 /* main.m */ = {isa = PBXFileReference; lastKnownFileType = sourcecode.c.objc; path = main.m; sourceTree = "<group>"; };
		489B14C21A1F7C9A00562C33 /* AppDelegate.h */ = {isa = PBXFileReference; lastKnownFileType = sourcecode.c.h; path = AppDelegate.h; sourceTree = "<group>"; };
		489B14C31A1F7C9A00562C33 /* AppDelegate.m */ = {isa = PBXFileReference; lastKnownFileType = sourcecode.c.objc; path = AppDelegate.m; sourceTree = "<group>"; };
		489B14C51A1F7C9A00562C33 /* ViewController.h */ = {isa = PBXFileReference; lastKnownFileType = sourcecode.c.h; path = ViewController.h; sourceTree = "<group>"; };
		489B14C61A1F7C9A00562C33 /* ViewController.m */ = {isa = PBXFileReference; lastKnownFileType = sourcecode.c.objc; path = ViewController.m; sourceTree = "<group>"; };
		489B14C91A1F7C9A00562C33 /* Base */ = {isa = PBXFileReference; lastKnownFileType = file.storyboard; name = Base; path = Base.lproj/Main.storyboard; sourceTree = "<group>"; };
		489B14CB1A1F7C9A00562C33 /* Images.xcassets */ = {isa = PBXFileReference; lastKnownFileType = folder.assetcatalog; path = Images.xcassets; sourceTree = "<group>"; };
		489B14CE1A1F7C9A00562C33 /* Base */ = {isa = PBXFileReference; lastKnownFileType = file.xib; name = Base; path = Base.lproj/LaunchScreen.xib; sourceTree = "<group>"; };
		489B14D41A1F7C9A00562C33 /* FrecklesTests.xctest */ = {isa = PBXFileReference; explicitFileType = wrapper.cfbundle; includeInIndex = 0; path = FrecklesTests.xctest; sourceTree = BUILT_PRODUCTS_DIR; };
		489B14D91A1F7C9A00562C33 /* Info.plist */ = {isa = PBXFileReference; lastKnownFileType = text.plist.xml; path = Info.plist; sourceTree = "<group>"; };
		489B14DA1A1F7C9A00562C33 /* FrecklesTests.m */ = {isa = PBXFileReference; lastKnownFileType = sourcecode.c.objc; path = FrecklesTests.m; sourceTree = "<group>"; };
		489B14E61A20B37300562C33 /* 1.png */ = {isa = PBXFileReference; lastKnownFileType = image.png; path = 1.png; sourceTree = "<group>"; };
		489B14E71A20B37300562C33 /* 2.png */ = {isa = PBXFileReference; lastKnownFileType = image.png; path = 2.png; sourceTree = "<group>"; };
		489B14E81A20B37300562C33 /* 3.png */ = {isa = PBXFileReference; lastKnownFileType = image.png; path = 3.png; sourceTree = "<group>"; };
		489B14E91A20B37300562C33 /* 4.png */ = {isa = PBXFileReference; lastKnownFileType = image.png; path = 4.png; sourceTree = "<group>"; };
		489B14EA1A20B37300562C33 /* 5.png */ = {isa = PBXFileReference; lastKnownFileType = image.png; path = 5.png; sourceTree = "<group>"; };
		489B14EB1A20B37300562C33 /* 6.png */ = {isa = PBXFileReference; lastKnownFileType = image.png; path = 6.png; sourceTree = "<group>"; };
		48D7B22F1A23716200E02A70 /* AboutViewController.h */ = {isa = PBXFileReference; fileEncoding = 4; lastKnownFileType = sourcecode.c.h; path = AboutViewController.h; sourceTree = "<group>"; };
		48D7B2301A23716200E02A70 /* AboutViewController.m */ = {isa = PBXFileReference; fileEncoding = 4; lastKnownFileType = sourcecode.c.objc; path = AboutViewController.m; sourceTree = "<group>"; };
		48D7B2311A23716200E02A70 /* AboutViewController.xib */ = {isa = PBXFileReference; fileEncoding = 4; lastKnownFileType = file.xib; path = AboutViewController.xib; sourceTree = "<group>"; };
		48D7B2341A2371F900E02A70 /* DrugListViewController.h */ = {isa = PBXFileReference; fileEncoding = 4; lastKnownFileType = sourcecode.c.h; path = DrugListViewController.h; sourceTree = "<group>"; };
		48D7B2351A2371F900E02A70 /* DrugListViewController.m */ = {isa = PBXFileReference; fileEncoding = 4; lastKnownFileType = sourcecode.c.objc; path = DrugListViewController.m; sourceTree = "<group>"; };
		48D7B2361A2371F900E02A70 /* DrugListViewController.xib */ = {isa = PBXFileReference; fileEncoding = 4; lastKnownFileType = file.xib; path = DrugListViewController.xib; sourceTree = "<group>"; };
/* End PBXFileReference section */

/* Begin PBXFrameworksBuildPhase section */
		489B14B81A1F7C9A00562C33 /* Frameworks */ = {
			isa = PBXFrameworksBuildPhase;
			buildActionMask = 2147483647;
			files = (
			);
			runOnlyForDeploymentPostprocessing = 0;
		};
		489B14D11A1F7C9A00562C33 /* Frameworks */ = {
			isa = PBXFrameworksBuildPhase;
			buildActionMask = 2147483647;
			files = (
			);
			runOnlyForDeploymentPostprocessing = 0;
		};
/* End PBXFrameworksBuildPhase section */

/* Begin PBXGroup section */
		489B14B21A1F7C9A00562C33 = {
			isa = PBXGroup;
			children = (
				489B14BD1A1F7C9A00562C33 /* Freckles */,
				489B14D71A1F7C9A00562C33 /* FrecklesTests */,
				489B14BC1A1F7C9A00562C33 /* Products */,
			);
			sourceTree = "<group>";
		};
		489B14BC1A1F7C9A00562C33 /* Products */ = {
			isa = PBXGroup;
			children = (
				489B14BB1A1F7C9A00562C33 /* Freckles.app */,
				489B14D41A1F7C9A00562C33 /* FrecklesTests.xctest */,
			);
			name = Products;
			sourceTree = "<group>";
		};
		489B14BD1A1F7C9A00562C33 /* Freckles */ = {
			isa = PBXGroup;
			children = (
				489B14C21A1F7C9A00562C33 /* AppDelegate.h */,
				489B14C31A1F7C9A00562C33 /* AppDelegate.m */,
				489B14C51A1F7C9A00562C33 /* ViewController.h */,
				489B14C61A1F7C9A00562C33 /* ViewController.m */,
				489B14C81A1F7C9A00562C33 /* Main.storyboard */,
				489B14CB1A1F7C9A00562C33 /* Images.xcassets */,
				489B14CD1A1F7C9A00562C33 /* LaunchScreen.xib */,
				489B14BE1A1F7C9A00562C33 /* Supporting Files */,
				48D7B22F1A23716200E02A70 /* AboutViewController.h */,
				48D7B2301A23716200E02A70 /* AboutViewController.m */,
				48D7B2311A23716200E02A70 /* AboutViewController.xib */,
				48D7B2341A2371F900E02A70 /* DrugListViewController.h */,
				48D7B2351A2371F900E02A70 /* DrugListViewController.m */,
				48D7B2361A2371F900E02A70 /* DrugListViewController.xib */,
			);
			path = Freckles;
			sourceTree = "<group>";
		};
		489B14BE1A1F7C9A00562C33 /* Supporting Files */ = {
			isa = PBXGroup;
			children = (
				489B14E41A20B37200562C33 /* resource */,
				489B14BF1A1F7C9A00562C33 /* Info.plist */,
				489B14C01A1F7C9A00562C33 /* main.m */,
			);
			name = "Supporting Files";
			sourceTree = "<group>";
		};
		489B14D71A1F7C9A00562C33 /* FrecklesTests */ = {
			isa = PBXGroup;
			children = (
				489B14DA1A1F7C9A00562C33 /* FrecklesTests.m */,
				489B14D81A1F7C9A00562C33 /* Supporting Files */,
			);
			path = FrecklesTests;
			sourceTree = "<group>";
		};
		489B14D81A1F7C9A00562C33 /* Supporting Files */ = {
			isa = PBXGroup;
			children = (
				489B14D91A1F7C9A00562C33 /* Info.plist */,
			);
			name = "Supporting Files";
			sourceTree = "<group>";
		};
		489B14E41A20B37200562C33 /* resource */ = {
			isa = PBXGroup;
			children = (
				489B14E51A20B37300562C33 /* images */,
			);
			path = resource;
			sourceTree = "<group>";
		};
		489B14E51A20B37300562C33 /* images */ = {
			isa = PBXGroup;
			children = (
				489B14E61A20B37300562C33 /* 1.png */,
				489B14E71A20B37300562C33 /* 2.png */,
				489B14E81A20B37300562C33 /* 3.png */,
				489B14E91A20B37300562C33 /* 4.png */,
				489B14EA1A20B37300562C33 /* 5.png */,
				489B14EB1A20B37300562C33 /* 6.png */,
			);
			path = images;
			sourceTree = "<group>";
		};
/* End PBXGroup section */

/* Begin PBXNativeTarget section */
		489B14BA1A1F7C9A00562C33 /* Freckles */ = {
			isa = PBXNativeTarget;
			buildConfigurationList = 489B14DE1A1F7C9A00562C33 /* Build configuration list for PBXNativeTarget "Freckles" */;
			buildPhases = (
				489B14B71A1F7C9A00562C33 /* Sources */,
				489B14B81A1F7C9A00562C33 /* Frameworks */,
				489B14B91A1F7C9A00562C33 /* Resources */,
			);
			buildRules = (
			);
			dependencies = (
			);
			name = Freckles;
			productName = Freckles;
			productReference = 489B14BB1A1F7C9A00562C33 /* Freckles.app */;
			productType = "com.apple.product-type.application";
		};
		489B14D31A1F7C9A00562C33 /* FrecklesTests */ = {
			isa = PBXNativeTarget;
			buildConfigurationList = 489B14E11A1F7C9A00562C33 /* Build configuration list for PBXNativeTarget "FrecklesTests" */;
			buildPhases = (
				489B14D01A1F7C9A00562C33 /* Sources */,
				489B14D11A1F7C9A00562C33 /* Frameworks */,
				489B14D21A1F7C9A00562C33 /* Resources */,
			);
			buildRules = (
			);
			dependencies = (
				489B14D61A1F7C9A00562C33 /* PBXTargetDependency */,
			);
			name = FrecklesTests;
			productName = FrecklesTests;
			productReference = 489B14D41A1F7C9A00562C33 /* FrecklesTests.xctest */;
			productType = "com.apple.product-type.bundle.unit-test";
		};
/* End PBXNativeTarget section */

/* Begin PBXProject section */
		489B14B31A1F7C9A00562C33 /* Project object */ = {
			isa = PBXProject;
			attributes = {
				LastUpgradeCheck = 0610;
				ORGANIZATIONNAME = "zhuang chaoxiao";
				TargetAttributes = {
					489B14BA1A1F7C9A00562C33 = {
						CreatedOnToolsVersion = 6.1;
					};
					489B14D31A1F7C9A00562C33 = {
						CreatedOnToolsVersion = 6.1;
						TestTargetID = 489B14BA1A1F7C9A00562C33;
					};
				};
			};
			buildConfigurationList = 489B14B61A1F7C9A00562C33 /* Build configuration list for PBXProject "Freckles" */;
			compatibilityVersion = "Xcode 3.2";
			developmentRegion = English;
			hasScannedForEncodings = 0;
			knownRegions = (
				en,
				Base,
			);
			mainGroup = 489B14B21A1F7C9A00562C33;
			productRefGroup = 489B14BC1A1F7C9A00562C33 /* Products */;
			projectDirPath = "";
			projectRoot = "";
			targets = (
				489B14BA1A1F7C9A00562C33 /* Freckles */,
				489B14D31A1F7C9A00562C33 /* FrecklesTests */,
			);
		};
/* End PBXProject section */

/* Begin PBXResourcesBuildPhase section */
		489B14B91A1F7C9A00562C33 /* Resources */ = {
			isa = PBXResourcesBuildPhase;
			buildActionMask = 2147483647;
			files = (
				489B14CA1A1F7C9A00562C33 /* Main.storyboard in Resources */,
				489B14EF1A20B37300562C33 /* 4.png in Resources */,
				489B14EC1A20B37300562C33 /* 1.png in Resources */,
				489B14F11A20B37300562C33 /* 6.png in Resources */,
				48D7B2331A23716300E02A70 /* AboutViewController.xib in Resources */,
				489B14ED1A20B37300562C33 /* 2.png in Resources */,
				489B14EE1A20B37300562C33 /* 3.png in Resources */,
				489B14F01A20B37300562C33 /* 5.png in Resources */,
				489B14CF1A1F7C9A00562C33 /* LaunchScreen.xib in Resources */,
				48D7B2381A2371F900E02A70 /* DrugListViewController.xib in Resources */,
				489B14CC1A1F7C9A00562C33 /* Images.xcassets in Resources */,
			);
			runOnlyForDeploymentPostprocessing = 0;
		};
		489B14D21A1F7C9A00562C33 /* Resources */ = {
			isa = PBXResourcesBuildPhase;
			buildActionMask = 2147483647;
			files = (
			);
			runOnlyForDeploymentPostprocessing = 0;
		};
/* End PBXResourcesBuildPhase section */

/* Begin PBXSourcesBuildPhase section */
		489B14B71A1F7C9A00562C33 /* Sources */ = {
			isa = PBXSourcesBuildPhase;
			buildActionMask = 2147483647;
			files = (
				489B14C71A1F7C9A00562C33 /* ViewController.m in Sources */,
				48D7B2371A2371F900E02A70 /* DrugListViewController.m in Sources */,
				489B14C41A1F7C9A00562C33 /* AppDelegate.m in Sources */,
				48D7B2321A23716200E02A70 /* AboutViewController.m in Sources */,
				489B14C11A1F7C9A00562C33 /* main.m in Sources */,
			);
			runOnlyForDeploymentPostprocessing = 0;
		};
		489B14D01A1F7C9A00562C33 /* Sources */ = {
			isa = PBXSourcesBuildPhase;
			buildActionMask = 2147483647;
			files = (
				489B14DB1A1F7C9A00562C33 /* FrecklesTests.m in Sources */,
			);
			runOnlyForDeploymentPostprocessing = 0;
		};
/* End PBXSourcesBuildPhase section */

/* Begin PBXTargetDependency section */
		489B14D61A1F7C9A00562C33 /* PBXTargetDependency */ = {
			isa = PBXTargetDependency;
			target = 489B14BA1A1F7C9A00562C33 /* Freckles */;
			targetProxy = 489B14D51A1F7C9A00562C33 /* PBXContainerItemProxy */;
		};
/* End PBXTargetDependency section */

/* Begin PBXVariantGroup section */
		489B14C81A1F7C9A00562C33 /* Main.storyboard */ = {
			isa = PBXVariantGroup;
			children = (
				489B14C91A1F7C9A00562C33 /* Base */,
			);
			name = Main.storyboard;
			sourceTree = "<group>";
		};
		489B14CD1A1F7C9A00562C33 /* LaunchScreen.xib */ = {
			isa = PBXVariantGroup;
			children = (
				489B14CE1A1F7C9A00562C33 /* Base */,
			);
			name = LaunchScreen.xib;
			sourceTree = "<group>";
		};
/* End PBXVariantGroup section */

/* Begin XCBuildConfiguration section */
		489B14DC1A1F7C9A00562C33 /* Debug */ = {
			isa = XCBuildConfiguration;
			buildSettings = {
				ALWAYS_SEARCH_USER_PATHS = NO;
				CLANG_CXX_LANGUAGE_STANDARD = "gnu++0x";
				CLANG_CXX_LIBRARY = "libc++";
				CLANG_ENABLE_MODULES = YES;
				CLANG_ENABLE_OBJC_ARC = YES;
				CLANG_WARN_BOOL_CONVERSION = YES;
				CLANG_WARN_CONSTANT_CONVERSION = YES;
				CLANG_WARN_DIRECT_OBJC_ISA_USAGE = YES_ERROR;
				CLANG_WARN_EMPTY_BODY = YES;
				CLANG_WARN_ENUM_CONVERSION = YES;
				CLANG_WARN_INT_CONVERSION = YES;
				CLANG_WARN_OBJC_ROOT_CLASS = YES_ERROR;
				CLANG_WARN_UNREACHABLE_CODE = YES;
				CLANG_WARN__DUPLICATE_METHOD_MATCH = YES;
				"CODE_SIGN_IDENTITY[sdk=iphoneos*]" = "iPhone Developer";
				COPY_PHASE_STRIP = NO;
				ENABLE_STRICT_OBJC_MSGSEND = YES;
				GCC_C_LANGUAGE_STANDARD = gnu99;
				GCC_DYNAMIC_NO_PIC = NO;
				GCC_OPTIMIZATION_LEVEL = 0;
				GCC_PREPROCESSOR_DEFINITIONS = (
					"DEBUG=1",
					"$(inherited)",
				);
				GCC_SYMBOLS_PRIVATE_EXTERN = NO;
				GCC_WARN_64_TO_32_BIT_CONVERSION = YES;
				GCC_WARN_ABOUT_RETURN_TYPE = YES_ERROR;
				GCC_WARN_UNDECLARED_SELECTOR = YES;
				GCC_WARN_UNINITIALIZED_AUTOS = YES_AGGRESSIVE;
				GCC_WARN_UNUSED_FUNCTION = YES;
				GCC_WARN_UNUSED_VARIABLE = YES;
				IPHONEOS_DEPLOYMENT_TARGET = 8.1;
				MTL_ENABLE_DEBUG_INFO = YES;
				ONLY_ACTIVE_ARCH = YES;
				SDKROOT = iphoneos;
			};
			name = Debug;
		};
		489B14DD1A1F7C9A00562C33 /* Release */ = {
			isa = XCBuildConfiguration;
			buildSettings = {
				ALWAYS_SEARCH_USER_PATHS = NO;
				CLANG_CXX_LANGUAGE_STANDARD = "gnu++0x";
				CLANG_CXX_LIBRARY = "libc++";
				CLANG_ENABLE_MODULES = YES;
				CLANG_ENABLE_OBJC_ARC = YES;
				CLANG_WARN_BOOL_CONVERSION = YES;
				CLANG_WARN_CONSTANT_CONVERSION = YES;
				CLANG_WARN_DIRECT_OBJC_ISA_USAGE = YES_ERROR;
				CLANG_WARN_EMPTY_BODY = YES;
				CLANG_WARN_ENUM_CONVERSION = YES;
				CLANG_WARN_INT_CONVERSION = YES;
				CLANG_WARN_OBJC_ROOT_CLASS = YES_ERROR;
				CLANG_WARN_UNREACHABLE_CODE = YES;
				CLANG_WARN__DUPLICATE_METHOD_MATCH = YES;
				"CODE_SIGN_IDENTITY[sdk=iphoneos*]" = "iPhone Developer";
				COPY_PHASE_STRIP = YES;
				ENABLE_NS_ASSERTIONS = NO;
				ENABLE_STRICT_OBJC_MSGSEND = YES;
				GCC_C_LANGUAGE_STANDARD = gnu99;
				GCC_WARN_64_TO_32_BIT_CONVERSION = YES;
				GCC_WARN_ABOUT_RETURN_TYPE = YES_ERROR;
				GCC_WARN_UNDECLARED_SELECTOR = YES;
				GCC_WARN_UNINITIALIZED_AUTOS = YES_AGGRESSIVE;
				GCC_WARN_UNUSED_FUNCTION = YES;
				GCC_WARN_UNUSED_VARIABLE = YES;
				IPHONEOS_DEPLOYMENT_TARGET = 8.1;
				MTL_ENABLE_DEBUG_INFO = NO;
				SDKROOT = iphoneos;
				VALIDATE_PRODUCT = YES;
			};
			name = Release;
		};
		489B14DF1A1F7C9A00562C33 /* Debug */ = {
			isa = XCBuildConfiguration;
			buildSettings = {
				ASSETCATALOG_COMPILER_APPICON_NAME = AppIcon;
				INFOPLIST_FILE = Freckles/Info.plist;
				IPHONEOS_DEPLOYMENT_TARGET = 7.0;
				LD_RUNPATH_SEARCH_PATHS = "$(inherited) @executable_path/Frameworks";
				PRODUCT_NAME = "$(TARGET_NAME)";
			};
			name = Debug;
		};
		489B14E01A1F7C9A00562C33 /* Release */ = {
			isa = XCBuildConfiguration;
			buildSettings = {
				ASSETCATALOG_COMPILER_APPICON_NAME = AppIcon;
				INFOPLIST_FILE = Freckles/Info.plist;
				IPHONEOS_DEPLOYMENT_TARGET = 7.0;
				LD_RUNPATH_SEARCH_PATHS = "$(inherited) @executable_path/Frameworks";
				PRODUCT_NAME = "$(TARGET_NAME)";
			};
			name = Release;
		};
		489B14E21A1F7C9A00562C33 /* Debug */ = {
			isa = XCBuildConfiguration;
			buildSettings = {
				BUNDLE_LOADER = "$(TEST_HOST)";
				FRAMEWORK_SEARCH_PATHS = (
					"$(SDKROOT)/Developer/Library/Frameworks",
					"$(inherited)",
				);
				GCC_PREPROCESSOR_DEFINITIONS = (
					"DEBUG=1",
					"$(inherited)",
				);
				INFOPLIST_FILE = FrecklesTests/Info.plist;
				LD_RUNPATH_SEARCH_PATHS = "$(inherited) @executable_path/Frameworks @loader_path/Frameworks";
				PRODUCT_NAME = "$(TARGET_NAME)";
				TEST_HOST = "$(BUILT_PRODUCTS_DIR)/Freckles.app/Freckles";
			};
			name = Debug;
		};
		489B14E31A1F7C9A00562C33 /* Release */ = {
			isa = XCBuildConfiguration;
			buildSettings = {
				BUNDLE_LOADER = "$(TEST_HOST)";
				FRAMEWORK_SEARCH_PATHS = (
					"$(SDKROOT)/Developer/Library/Frameworks",
					"$(inherited)",
				);
				INFOPLIST_FILE = FrecklesTests/Info.plist;
				LD_RUNPATH_SEARCH_PATHS = "$(inherited) @executable_path/Frameworks @loader_path/Frameworks";
				PRODUCT_NAME = "$(TARGET_NAME)";
				TEST_HOST = "$(BUILT_PRODUCTS_DIR)/Freckles.app/Freckles";
			};
			name = Release;
		};
/* End XCBuildConfiguration section */

/* Begin XCConfigurationList section */
		489B14B61A1F7C9A00562C33 /* Build configuration list for PBXProject "Freckles" */ = {
			isa = XCConfigurationList;
			buildConfigurations = (
				489B14DC1A1F7C9A00562C33 /* Debug */,
				489B14DD1A1F7C9A00562C33 /* Release */,
			);
			defaultConfigurationIsVisible = 0;
			defaultConfigurationName = Release;
		};
		489B14DE1A1F7C9A00562C33 /* Build configuration list for PBXNativeTarget "Freckles" */ = {
			isa = XCConfigurationList;
			buildConfigurations = (
				489B14DF1A1F7C9A00562C33 /* Debug */,
				489B14E01A1F7C9A00562C33 /* Release */,
			);
			defaultConfigurationIsVisible = 0;
			defaultConfigurationName = Release;
		};
		489B14E11A1F7C9A00562C33 /* Build configuration list for PBXNativeTarget "FrecklesTests" */ = {
			isa = XCConfigurationList;
			buildConfigurations = (
				489B14E21A1F7C9A00562C33 /* Debug */,
				489B14E31A1F7C9A00562C33 /* Release */,
			);
			defaultConfigurationIsVisible = 0;
			defaultConfigurationName = Release;
		};
/* End XCConfigurationList section */
	};
	rootObject = 489B14B31A1F7C9A00562C33 /* Project object */;
}
